
Microsoft Visual Studio Solution File, Format Version 12.00
# Visual Studio Version 16
VisualStudioVersion = 16.0.30114.105
MinimumVisualStudioVersion = 10.0.40219.1
Project("{FAE04EC0-301F-11D3-BF4B-00C04F79EFBC}") = "ProjetoAtleta20", "ProjetoAtleta20\ProjetoAtleta20.csproj", "{06348E0A-F336-4BA9-AC97-8C5F80FE5958}"
EndProject
Global
	GlobalSection(SolutionConfigurationPlatforms) = preSolution
		Debug|Any CPU = Debug|Any CPU
		Release|Any CPU = Release|Any CPU
	EndGlobalSection
	GlobalSection(ProjectConfigurationPlatforms) = postSolution
		{06348E0A-F336-4BA9-AC97-8C5F80FE5958}.Debug|Any CPU.ActiveCfg = Debug|Any CPU
		{06348E0A-F336-4BA9-AC97-8C5F80FE5958}.Debug|Any CPU.Build.0 = Debug|Any CPU
		{06348E0A-F336-4BA9-AC97-8C5F80FE5958}.Release|Any CPU.ActiveCfg = Release|Any CPU
		{06348E0A-F336-4BA9-AC97-8C5F80FE5958}.Release|Any CPU.Build.0 = Release|Any CPU
	EndGlobalSection
	GlobalSection(SolutionProperties) = preSolution
		HideSolutionNode = FALSE
	EndGlobalSection
	GlobalSection(ExtensibilityGlobals) = postSolution
		SolutionGuid = {7B8F400F-64F8-473D-9F12-879A7444EBC4}
	EndGlobalSection
EndGlobal
